
Microsoft Visual Studio Solution File, Format Version 12.00
# Visual Studio Version 17
VisualStudioVersion = 17.11.35312.102
MinimumVisualStudioVersion = 10.0.40219.1
Project("{FAE04EC0-301F-11D3-BF4B-00C04F79EFBC}") = "FoodOrderSys(ModelView)", "FoodOrderSys(ModelView)\FoodOrderSys(ModelView).csproj", "{368B1348-7C46-4F6E-A361-E130828810B5}"
EndProject
Global
	GlobalSection(SolutionConfigurationPlatforms) = preSolution
		Debug|Any CPU = Debug|Any CPU
		Release|Any CPU = Release|Any CPU
	EndGlobalSection
	GlobalSection(ProjectConfigurationPlatforms) = postSolution
		{368B1348-7C46-4F6E-A361-E130828810B5}.Debug|Any CPU.ActiveCfg = Debug|Any CPU
		{368B1348-7C46-4F6E-A361-E130828810B5}.Debug|Any CPU.Build.0 = Debug|Any CPU
		{368B1348-7C46-4F6E-A361-E130828810B5}.Release|Any CPU.ActiveCfg = Release|Any CPU
		{368B1348-7C46-4F6E-A361-E130828810B5}.Release|Any CPU.Build.0 = Release|Any CPU
	EndGlobalSection
	GlobalSection(SolutionProperties) = preSolution
		HideSolutionNode = FALSE
	EndGlobalSection
	GlobalSection(ExtensibilityGlobals) = postSolution
		SolutionGuid = {0C664B60-3851-4303-8125-2FFF8BA66EF8}
	EndGlobalSection
EndGlobal
